
Microsoft Visual Studio Solution File, Format Version 12.00
Project("{FAE04EC0-301F-11D3-BF4B-00C04F79EFBC}") = "cryptobank.api", "src\cryptobank.api\cryptobank.api.csproj", "{7A795260-E8F4-4BE4-AD22-A6B435736797}"
EndProject
Project("{FAE04EC0-301F-11D3-BF4B-00C04F79EFBC}") = "cryptobank.api.tests", "src\cryptobank.api.tests\cryptobank.api.tests.csproj", "{4562A293-21DA-4DED-B2ED-8FEC59840E76}"
EndProject
Project("{2150E333-8FDC-42A3-9474-1A3956D46DE8}") = "src", "src", "{CEDD7779-31FC-4173-BC3D-5BA993BC8E02}"
EndProject
Project("{FAE04EC0-301F-11D3-BF4B-00C04F79EFBC}") = "bitcoin.xpub", "tools\bitcoin.xpub\bitcoin.xpub.csproj", "{5AAF52A7-441C-4B81-A831-4CC249E1E3D4}"
EndProject
Project("{2150E333-8FDC-42A3-9474-1A3956D46DE8}") = "tools", "tools", "{91931E2C-7D74-4B13-8FB6-DA8A063B32A7}"
EndProject
Project("{FAE04EC0-301F-11D3-BF4B-00C04F79EFBC}") = "zmq.client", "tools\zmq.client\zmq.client.csproj", "{D423FF81-4B3A-46E5-BE86-ACD43F32685B}"
EndProject
Global
	GlobalSection(SolutionConfigurationPlatforms) = preSolution
		Debug|Any CPU = Debug|Any CPU
		Release|Any CPU = Release|Any CPU
	EndGlobalSection
	GlobalSection(ProjectConfigurationPlatforms) = postSolution
		{7A795260-E8F4-4BE4-AD22-A6B435736797}.Debug|Any CPU.ActiveCfg = Debug|Any CPU
		{7A795260-E8F4-4BE4-AD22-A6B435736797}.Debug|Any CPU.Build.0 = Debug|Any CPU
		{7A795260-E8F4-4BE4-AD22-A6B435736797}.Release|Any CPU.ActiveCfg = Release|Any CPU
		{7A795260-E8F4-4BE4-AD22-A6B435736797}.Release|Any CPU.Build.0 = Release|Any CPU
		{4562A293-21DA-4DED-B2ED-8FEC59840E76}.Debug|Any CPU.ActiveCfg = Debug|Any CPU
		{4562A293-21DA-4DED-B2ED-8FEC59840E76}.Debug|Any CPU.Build.0 = Debug|Any CPU
		{4562A293-21DA-4DED-B2ED-8FEC59840E76}.Release|Any CPU.ActiveCfg = Release|Any CPU
		{4562A293-21DA-4DED-B2ED-8FEC59840E76}.Release|Any CPU.Build.0 = Release|Any CPU
		{5AAF52A7-441C-4B81-A831-4CC249E1E3D4}.Debug|Any CPU.ActiveCfg = Debug|Any CPU
		{5AAF52A7-441C-4B81-A831-4CC249E1E3D4}.Debug|Any CPU.Build.0 = Debug|Any CPU
		{5AAF52A7-441C-4B81-A831-4CC249E1E3D4}.Release|Any CPU.ActiveCfg = Release|Any CPU
		{5AAF52A7-441C-4B81-A831-4CC249E1E3D4}.Release|Any CPU.Build.0 = Release|Any CPU
		{D423FF81-4B3A-46E5-BE86-ACD43F32685B}.Debug|Any CPU.ActiveCfg = Debug|Any CPU
		{D423FF81-4B3A-46E5-BE86-ACD43F32685B}.Debug|Any CPU.Build.0 = Debug|Any CPU
		{D423FF81-4B3A-46E5-BE86-ACD43F32685B}.Release|Any CPU.ActiveCfg = Release|Any CPU
		{D423FF81-4B3A-46E5-BE86-ACD43F32685B}.Release|Any CPU.Build.0 = Release|Any CPU
	EndGlobalSection
	GlobalSection(NestedProjects) = preSolution
		{7A795260-E8F4-4BE4-AD22-A6B435736797} = {CEDD7779-31FC-4173-BC3D-5BA993BC8E02}
		{4562A293-21DA-4DED-B2ED-8FEC59840E76} = {CEDD7779-31FC-4173-BC3D-5BA993BC8E02}
		{5AAF52A7-441C-4B81-A831-4CC249E1E3D4} = {91931E2C-7D74-4B13-8FB6-DA8A063B32A7}
		{D423FF81-4B3A-46E5-BE86-ACD43F32685B} = {91931E2C-7D74-4B13-8FB6-DA8A063B32A7}
	EndGlobalSection
EndGlobal
